// !$*UTF8*$!
{
	archiveVersion = 1;
	classes = {
	};
	objectVersion = 77;
	objects = {

/* Begin PBXContainerItemProxy section */
		557D607C2CE2AEB100B35EBB /* PBXContainerItemProxy */ = {
			isa = PBXContainerItemProxy;
			containerPortal = 557D60612CE2AEB100B35EBB /* Project object */;
			proxyType = 1;
			remoteGlobalIDString = 557D60682CE2AEB100B35EBB;
			remoteInfo = "VT2NH Capstone Project";
		};
		557D60862CE2AEB100B35EBB /* PBXContainerItemProxy */ = {
			isa = PBXContainerItemProxy;
			containerPortal = 557D60612CE2AEB100B35EBB /* Project object */;
			proxyType = 1;
			remoteGlobalIDString = 557D60682CE2AEB100B35EBB;
			remoteInfo = "VT2NH Capstone Project";
		};
/* End PBXContainerItemProxy section */

/* Begin PBXFileReference section */
		557D60692CE2AEB100B35EBB /* VT2NH Capstone Project.app */ = {isa = PBXFileReference; explicitFileType = wrapper.application; includeInIndex = 0; path = "VT2NH Capstone Project.app"; sourceTree = BUILT_PRODUCTS_DIR; };
		557D607B2CE2AEB100B35EBB /* VT2NH Capstone ProjectTests.xctest */ = {isa = PBXFileReference; explicitFileType = wrapper.cfbundle; includeInIndex = 0; path = "VT2NH Capstone ProjectTests.xctest"; sourceTree = BUILT_PRODUCTS_DIR; };
		557D60852CE2AEB100B35EBB /* VT2NH Capstone ProjectUITests.xctest */ = {isa = PBXFileReference; explicitFileType = wrapper.cfbundle; includeInIndex = 0; path = "VT2NH Capstone ProjectUITests.xctest"; sourceTree = BUILT_PRODUCTS_DIR; };
/* End PBXFileReference section */

/* Begin PBXFileSystemSynchronizedRootGroup section */
		557D606B2CE2AEB100B35EBB /* VT2NH Capstone Project */ = {
			isa = PBXFileSystemSynchronizedRootGroup;
			path = "VT2NH Capstone Project";
			sourceTree = "<group>";
		};
		557D607E2CE2AEB100B35EBB /* VT2NH Capstone ProjectTests */ = {
			isa = PBXFileSystemSynchronizedRootGroup;
			path = "VT2NH Capstone ProjectTests";
			sourceTree = "<group>";
		};
		557D60882CE2AEB100B35EBB /* VT2NH Capstone ProjectUITests */ = {
			isa = PBXFileSystemSynchronizedRootGroup;
			path = "VT2NH Capstone ProjectUITests";
			sourceTree = "<group>";
		};
/* End PBXFileSystemSynchronizedRootGroup section */

/* Begin PBXFrameworksBuildPhase section */
		557D60662CE2AEB100B35EBB /* Frameworks */ = {
			isa = PBXFrameworksBuildPhase;
			buildActionMask = 2147483647;
			files = (
			);
			runOnlyForDeploymentPostprocessing = 0;
		};
		557D60782CE2AEB100B35EBB /* Frameworks */ = {
			isa = PBXFrameworksBuildPhase;
			buildActionMask = 2147483647;
			files = (
			);
			runOnlyForDeploymentPostprocessing = 0;
		};
		557D60822CE2AEB100B35EBB /* Frameworks */ = {
			isa = PBXFrameworksBuildPhase;
			buildActionMask = 2147483647;
			files = (
			);
			runOnlyForDeploymentPostprocessing = 0;
		};
/* End PBXFrameworksBuildPhase section */

/* Begin PBXGroup section */
		557D60602CE2AEB100B35EBB = {
			isa = PBXGroup;
			children = (
				557D606B2CE2AEB100B35EBB /* VT2NH Capstone Project */,
				557D607E2CE2AEB100B35EBB /* VT2NH Capstone ProjectTests */,
				557D60882CE2AEB100B35EBB /* VT2NH Capstone ProjectUITests */,
				557D606A2CE2AEB100B35EBB /* Products */,
			);
			sourceTree = "<group>";
		};
		557D606A2CE2AEB100B35EBB /* Products */ = {
			isa = PBXGroup;
			children = (
				557D60692CE2AEB100B35EBB /* VT2NH Capstone Project.app */,
				557D607B2CE2AEB100B35EBB /* VT2NH Capstone ProjectTests.xctest */,
				557D60852CE2AEB100B35EBB /* VT2NH Capstone ProjectUITests.xctest */,
			);
			name = Products;
			sourceTree = "<group>";
		};
/* End PBXGroup section */

/* Begin PBXNativeTarget section */
		557D60682CE2AEB100B35EBB /* VT2NH Capstone Project */ = {
			isa = PBXNativeTarget;
			buildConfigurationList = 557D608F2CE2AEB100B35EBB /* Build configuration list for PBXNativeTarget "VT2NH Capstone Project" */;
			buildPhases = (
				557D60652CE2AEB100B35EBB /* Sources */,
				557D60662CE2AEB100B35EBB /* Frameworks */,
				557D60672CE2AEB100B35EBB /* Resources */,
			);
			buildRules = (
			);
			dependencies = (
			);
			fileSystemSynchronizedGroups = (
				557D606B2CE2AEB100B35EBB /* VT2NH Capstone Project */,
			);
			name = "VT2NH Capstone Project";
			packageProductDependencies = (
			);
			productName = "VT2NH Capstone Project";
			productReference = 557D60692CE2AEB100B35EBB /* VT2NH Capstone Project.app */;
			productType = "com.apple.product-type.application";
		};
		557D607A2CE2AEB100B35EBB /* VT2NH Capstone ProjectTests */ = {
			isa = PBXNativeTarget;
			buildConfigurationList = 557D60922CE2AEB100B35EBB /* Build configuration list for PBXNativeTarget "VT2NH Capstone ProjectTests" */;
			buildPhases = (
				557D60772CE2AEB100B35EBB /* Sources */,
				557D60782CE2AEB100B35EBB /* Frameworks */,
				557D60792CE2AEB100B35EBB /* Resources */,
			);
			buildRules = (
			);
			dependencies = (
				557D607D2CE2AEB100B35EBB /* PBXTargetDependency */,
			);
			fileSystemSynchronizedGroups = (
				557D607E2CE2AEB100B35EBB /* VT2NH Capstone ProjectTests */,
			);
			name = "VT2NH Capstone ProjectTests";
			packageProductDependencies = (
			);
			productName = "VT2NH Capstone ProjectTests";
			productReference = 557D607B2CE2AEB100B35EBB /* VT2NH Capstone ProjectTests.xctest */;
			productType = "com.apple.product-type.bundle.unit-test";
		};
		557D60842CE2AEB100B35EBB /* VT2NH Capstone ProjectUITests */ = {
			isa = PBXNativeTarget;
			buildConfigurationList = 557D60952CE2AEB100B35EBB /* Build configuration list for PBXNativeTarget "VT2NH Capstone ProjectUITests" */;
			buildPhases = (
				557D60812CE2AEB100B35EBB /* Sources */,
				557D60822CE2AEB100B35EBB /* Frameworks */,
				557D60832CE2AEB100B35EBB /* Resources */,
			);
			buildRules = (
			);
			dependencies = (
				557D60872CE2AEB100B35EBB /* PBXTargetDependency */,
			);
			fileSystemSynchronizedGroups = (
				557D60882CE2AEB100B35EBB /* VT2NH Capstone ProjectUITests */,
			);
			name = "VT2NH Capstone ProjectUITests";
			packageProductDependencies = (
			);
			productName = "VT2NH Capstone ProjectUITests";
			productReference = 557D60852CE2AEB100B35EBB /* VT2NH Capstone ProjectUITests.xctest */;
			productType = "com.apple.product-type.bundle.ui-testing";
		};
/* End PBXNativeTarget section */

/* Begin PBXProject section */
		557D60612CE2AEB100B35EBB /* Project object */ = {
			isa = PBXProject;
			attributes = {
				BuildIndependentTargetsInParallel = 1;
				LastSwiftUpdateCheck = 1610;
				LastUpgradeCheck = 1610;
				TargetAttributes = {
					557D60682CE2AEB100B35EBB = {
						CreatedOnToolsVersion = 16.1;
					};
					557D607A2CE2AEB100B35EBB = {
						CreatedOnToolsVersion = 16.1;
						TestTargetID = 557D60682CE2AEB100B35EBB;
					};
					557D60842CE2AEB100B35EBB = {
						CreatedOnToolsVersion = 16.1;
						TestTargetID = 557D60682CE2AEB100B35EBB;
					};
				};
			};
			buildConfigurationList = 557D60642CE2AEB100B35EBB /* Build configuration list for PBXProject "VT2NH Capstone Project" */;
			developmentRegion = en;
			hasScannedForEncodings = 0;
			knownRegions = (
				en,
				Base,
			);
			mainGroup = 557D60602CE2AEB100B35EBB;
			minimizedProjectReferenceProxies = 1;
			preferredProjectObjectVersion = 77;
			productRefGroup = 557D606A2CE2AEB100B35EBB /* Products */;
			projectDirPath = "";
			projectRoot = "";
			targets = (
				557D60682CE2AEB100B35EBB /* VT2NH Capstone Project */,
				557D607A2CE2AEB100B35EBB /* VT2NH Capstone ProjectTests */,
				557D60842CE2AEB100B35EBB /* VT2NH Capstone ProjectUITests */,
			);
		};
/* End PBXProject section */

/* Begin PBXResourcesBuildPhase section */
		557D60672CE2AEB100B35EBB /* Resources */ = {
			isa = PBXResourcesBuildPhase;
			buildActionMask = 2147483647;
			files = (
			);
			runOnlyForDeploymentPostprocessing = 0;
		};
		557D60792CE2AEB100B35EBB /* Resources */ = {
			isa = PBXResourcesBuildPhase;
			buildActionMask = 2147483647;
			files = (
			);
			runOnlyForDeploymentPostprocessing = 0;
		};
		557D60832CE2AEB100B35EBB /* Resources */ = {
			isa = PBXResourcesBuildPhase;
			buildActionMask = 2147483647;
			files = (
			);
			runOnlyForDeploymentPostprocessing = 0;
		};
/* End PBXResourcesBuildPhase section */

/* Begin PBXSourcesBuildPhase section */
		557D60652CE2AEB100B35EBB /* Sources */ = {
			isa = PBXSourcesBuildPhase;
			buildActionMask = 2147483647;
			files = (
			);
			runOnlyForDeploymentPostprocessing = 0;
		};
		557D60772CE2AEB100B35EBB /* Sources */ = {
			isa = PBXSourcesBuildPhase;
			buildActionMask = 2147483647;
			files = (
			);
			runOnlyForDeploymentPostprocessing = 0;
		};
		557D60812CE2AEB100B35EBB /* Sources */ = {
			isa = PBXSourcesBuildPhase;
			buildActionMask = 2147483647;
			files = (
			);
			runOnlyForDeploymentPostprocessing = 0;
		};
/* End PBXSourcesBuildPhase section */

/* Begin PBXTargetDependency section */
		557D607D2CE2AEB100B35EBB /* PBXTargetDependency */ = {
			isa = PBXTargetDependency;
			target = 557D60682CE2AEB100B35EBB /* VT2NH Capstone Project */;
			targetProxy = 557D607C2CE2AEB100B35EBB /* PBXContainerItemProxy */;
		};
		557D60872CE2AEB100B35EBB /* PBXTargetDependency */ = {
			isa = PBXTargetDependency;
			target = 557D60682CE2AEB100B35EBB /* VT2NH Capstone Project */;
			targetProxy = 557D60862CE2AEB100B35EBB /* PBXContainerItemProxy */;
		};
/* End PBXTargetDependency section */

/* Begin XCBuildConfiguration section */
		557D608D2CE2AEB100B35EBB /* Debug */ = {
			isa = XCBuildConfiguration;
			buildSettings = {
				ALWAYS_SEARCH_USER_PATHS = NO;
				ASSETCATALOG_COMPILER_GENERATE_SWIFT_ASSET_SYMBOL_EXTENSIONS = YES;
				CLANG_ANALYZER_NONNULL = YES;
				CLANG_ANALYZER_NUMBER_OBJECT_CONVERSION = YES_AGGRESSIVE;
				CLANG_CXX_LANGUAGE_STANDARD = "gnu++20";
				CLANG_ENABLE_MODULES = YES;
				CLANG_ENABLE_OBJC_ARC = YES;
				CLANG_ENABLE_OBJC_WEAK = YES;
				CLANG_WARN_BLOCK_CAPTURE_AUTORELEASING = YES;
				CLANG_WARN_BOOL_CONVERSION = YES;
				CLANG_WARN_COMMA = YES;
				CLANG_WARN_CONSTANT_CONVERSION = YES;
				CLANG_WARN_DEPRECATED_OBJC_IMPLEMENTATIONS = YES;
				CLANG_WARN_DIRECT_OBJC_ISA_USAGE = YES_ERROR;
				CLANG_WARN_DOCUMENTATION_COMMENTS = YES;
				CLANG_WARN_EMPTY_BODY = YES;
				CLANG_WARN_ENUM_CONVERSION = YES;
				CLANG_WARN_INFINITE_RECURSION = YES;
				CLANG_WARN_INT_CONVERSION = YES;
				CLANG_WARN_NON_LITERAL_NULL_CONVERSION = YES;
				CLANG_WARN_OBJC_IMPLICIT_RETAIN_SELF = YES;
				CLANG_WARN_OBJC_LITERAL_CONVERSION = YES;
				CLANG_WARN_OBJC_ROOT_CLASS = YES_ERROR;
				CLANG_WARN_QUOTED_INCLUDE_IN_FRAMEWORK_HEADER = YES;
				CLANG_WARN_RANGE_LOOP_ANALYSIS = YES;
				CLANG_WARN_STRICT_PROTOTYPES = YES;
				CLANG_WARN_SUSPICIOUS_MOVE = YES;
				CLANG_WARN_UNGUARDED_AVAILABILITY = YES_AGGRESSIVE;
				CLANG_WARN_UNREACHABLE_CODE = YES;
				CLANG_WARN__DUPLICATE_METHOD_MATCH = YES;
				COPY_PHASE_STRIP = NO;
				DEBUG_INFORMATION_FORMAT = dwarf;
				ENABLE_STRICT_OBJC_MSGSEND = YES;
				ENABLE_TESTABILITY = YES;
				ENABLE_USER_SCRIPT_SANDBOXING = YES;
				GCC_C_LANGUAGE_STANDARD = gnu17;
				GCC_DYNAMIC_NO_PIC = NO;
				GCC_NO_COMMON_BLOCKS = YES;
				GCC_OPTIMIZATION_LEVEL = 0;
				GCC_PREPROCESSOR_DEFINITIONS = (
					"DEBUG=1",
					"$(inherited)",
				);
				GCC_WARN_64_TO_32_BIT_CONVERSION = YES;
				GCC_WARN_ABOUT_RETURN_TYPE = YES_ERROR;
				GCC_WARN_UNDECLARED_SELECTOR = YES;
				GCC_WARN_UNINITIALIZED_AUTOS = YES_AGGRESSIVE;
				GCC_WARN_UNUSED_FUNCTION = YES;
				GCC_WARN_UNUSED_VARIABLE = YES;
				IPHONEOS_DEPLOYMENT_TARGET = 18.1;
				LOCALIZATION_PREFERS_STRING_CATALOGS = YES;
				MTL_ENABLE_DEBUG_INFO = INCLUDE_SOURCE;
				MTL_FAST_MATH = YES;
				ONLY_ACTIVE_ARCH = YES;
				SDKROOT = iphoneos;
				SWIFT_ACTIVE_COMPILATION_CONDITIONS = "DEBUG $(inherited)";
				SWIFT_OPTIMIZATION_LEVEL = "-Onone";
			};
			name = Debug;
		};
		557D608E2CE2AEB100B35EBB /* Release */ = {
			isa = XCBuildConfiguration;
			buildSettings = {
				ALWAYS_SEARCH_USER_PATHS = NO;
				ASSETCATALOG_COMPILER_GENERATE_SWIFT_ASSET_SYMBOL_EXTENSIONS = YES;
				CLANG_ANALYZER_NONNULL = YES;
				CLANG_ANALYZER_NUMBER_OBJECT_CONVERSION = YES_AGGRESSIVE;
				CLANG_CXX_LANGUAGE_STANDARD = "gnu++20";
				CLANG_ENABLE_MODULES = YES;
				CLANG_ENABLE_OBJC_ARC = YES;
				CLANG_ENABLE_OBJC_WEAK = YES;
				CLANG_WARN_BLOCK_CAPTURE_AUTORELEASING = YES;
				CLANG_WARN_BOOL_CONVERSION = YES;
				CLANG_WARN_COMMA = YES;
				CLANG_WARN_CONSTANT_CONVERSION = YES;
				CLANG_WARN_DEPRECATED_OBJC_IMPLEMENTATIONS = YES;
				CLANG_WARN_DIRECT_OBJC_ISA_USAGE = YES_ERROR;
				CLANG_WARN_DOCUMENTATION_COMMENTS = YES;
				CLANG_WARN_EMPTY_BODY = YES;
				CLANG_WARN_ENUM_CONVERSION = YES;
				CLANG_WARN_INFINITE_RECURSION = YES;
				CLANG_WARN_INT_CONVERSION = YES;
				CLANG_WARN_NON_LITERAL_NULL_CONVERSION = YES;
				CLANG_WARN_OBJC_IMPLICIT_RETAIN_SELF = YES;
				CLANG_WARN_OBJC_LITERAL_CONVERSION = YES;
				CLANG_WARN_OBJC_ROOT_CLASS = YES_ERROR;
				CLANG_WARN_QUOTED_INCLUDE_IN_FRAMEWORK_HEADER = YES;
				CLANG_WARN_RANGE_LOOP_ANALYSIS = YES;
				CLANG_WARN_STRICT_PROTOTYPES = YES;
				CLANG_WARN_SUSPICIOUS_MOVE = YES;
				CLANG_WARN_UNGUARDED_AVAILABILITY = YES_AGGRESSIVE;
				CLANG_WARN_UNREACHABLE_CODE = YES;
				CLANG_WARN__DUPLICATE_METHOD_MATCH = YES;
				COPY_PHASE_STRIP = NO;
				DEBUG_INFORMATION_FORMAT = "dwarf-with-dsym";
				ENABLE_NS_ASSERTIONS = NO;
				ENABLE_STRICT_OBJC_MSGSEND = YES;
				ENABLE_USER_SCRIPT_SANDBOXING = YES;
				GCC_C_LANGUAGE_STANDARD = gnu17;
				GCC_NO_COMMON_BLOCKS = YES;
				GCC_WARN_64_TO_32_BIT_CONVERSION = YES;
				GCC_WARN_ABOUT_RETURN_TYPE = YES_ERROR;
				GCC_WARN_UNDECLARED_SELECTOR = YES;
				GCC_WARN_UNINITIALIZED_AUTOS = YES_AGGRESSIVE;
				GCC_WARN_UNUSED_FUNCTION = YES;
				GCC_WARN_UNUSED_VARIABLE = YES;
				IPHONEOS_DEPLOYMENT_TARGET = 18.1;
				LOCALIZATION_PREFERS_STRING_CATALOGS = YES;
				MTL_ENABLE_DEBUG_INFO = NO;
				MTL_FAST_MATH = YES;
				SDKROOT = iphoneos;
				SWIFT_COMPILATION_MODE = wholemodule;
				VALIDATE_PRODUCT = YES;
			};
			name = Release;
		};
		557D60902CE2AEB100B35EBB /* Debug */ = {
			isa = XCBuildConfiguration;
			buildSettings = {
				ASSETCATALOG_COMPILER_APPICON_NAME = AppIcon;
				ASSETCATALOG_COMPILER_GLOBAL_ACCENT_COLOR_NAME = AccentColor;
				CODE_SIGN_STYLE = Automatic;
				CURRENT_PROJECT_VERSION = 1;
				DEVELOPMENT_ASSET_PATHS = "\"VT2NH Capstone Project/Preview Content\"";
				ENABLE_PREVIEWS = YES;
				GENERATE_INFOPLIST_FILE = YES;
				INFOPLIST_KEY_UIApplicationSceneManifest_Generation = YES;
				INFOPLIST_KEY_UIApplicationSupportsIndirectInputEvents = YES;
				INFOPLIST_KEY_UILaunchScreen_Generation = YES;
				INFOPLIST_KEY_UISupportedInterfaceOrientations_iPad = "UIInterfaceOrientationPortrait UIInterfaceOrientationPortraitUpsideDown UIInterfaceOrientationLandscapeLeft UIInterfaceOrientationLandscapeRight";
				INFOPLIST_KEY_UISupportedInterfaceOrientations_iPhone = "UIInterfaceOrientationPortrait UIInterfaceOrientationLandscapeLeft UIInterfaceOrientationLandscapeRight";
				LD_RUNPATH_SEARCH_PATHS = (
					"$(inherited)",
					"@executable_path/Frameworks",
				);
				MARKETING_VERSION = 1.0;
				PRODUCT_BUNDLE_IDENTIFIER = "Simple-test.VT2NH-Capstone-Project";
				PRODUCT_NAME = "$(TARGET_NAME)";
				SWIFT_EMIT_LOC_STRINGS = YES;
				SWIFT_VERSION = 5.0;
				TARGETED_DEVICE_FAMILY = "1,2";
			};
			name = Debug;
		};
		557D60912CE2AEB100B35EBB /* Release */ = {
			isa = XCBuildConfiguration;
			buildSettings = {
				ASSETCATALOG_COMPILER_APPICON_NAME = AppIcon;
				ASSETCATALOG_COMPILER_GLOBAL_ACCENT_COLOR_NAME = AccentColor;
				CODE_SIGN_STYLE = Automatic;
				CURRENT_PROJECT_VERSION = 1;
				DEVELOPMENT_ASSET_PATHS = "\"VT2NH Capstone Project/Preview Content\"";
				ENABLE_PREVIEWS = YES;
				GENERATE_INFOPLIST_FILE = YES;
				INFOPLIST_KEY_UIApplicationSceneManifest_Generation = YES;
				INFOPLIST_KEY_UIApplicationSupportsIndirectInputEvents = YES;
				INFOPLIST_KEY_UILaunchScreen_Generation = YES;
				INFOPLIST_KEY_UISupportedInterfaceOrientations_iPad = "UIInterfaceOrientationPortrait UIInterfaceOrientationPortraitUpsideDown UIInterfaceOrientationLandscapeLeft UIInterfaceOrientationLandscapeRight";
				INFOPLIST_KEY_UISupportedInterfaceOrientations_iPhone = "UIInterfaceOrientationPortrait UIInterfaceOrientationLandscapeLeft UIInterfaceOrientationLandscapeRight";
				LD_RUNPATH_SEARCH_PATHS = (
					"$(inherited)",
					"@executable_path/Frameworks",
				);
				MARKETING_VERSION = 1.0;
				PRODUCT_BUNDLE_IDENTIFIER = "Simple-test.VT2NH-Capstone-Project";
				PRODUCT_NAME = "$(TARGET_NAME)";
				SWIFT_EMIT_LOC_STRINGS = YES;
				SWIFT_VERSION = 5.0;
				TARGETED_DEVICE_FAMILY = "1,2";
			};
			name = Release;
		};
		557D60932CE2AEB100B35EBB /* Debug */ = {
			isa = XCBuildConfiguration;
			buildSettings = {
				BUNDLE_LOADER = "$(TEST_HOST)";
				CODE_SIGN_STYLE = Automatic;
				CURRENT_PROJECT_VERSION = 1;
				GENERATE_INFOPLIST_FILE = YES;
				IPHONEOS_DEPLOYMENT_TARGET = 18.1;
				MARKETING_VERSION = 1.0;
				PRODUCT_BUNDLE_IDENTIFIER = "Simple-test.VT2NH-Capstone-ProjectTests";
				PRODUCT_NAME = "$(TARGET_NAME)";
				SWIFT_EMIT_LOC_STRINGS = NO;
				SWIFT_VERSION = 5.0;
				TARGETED_DEVICE_FAMILY = "1,2";
				TEST_HOST = "$(BUILT_PRODUCTS_DIR)/VT2NH Capstone Project.app/$(BUNDLE_EXECUTABLE_FOLDER_PATH)/VT2NH Capstone Project";
			};
			name = Debug;
		};
		557D60942CE2AEB100B35EBB /* Release */ = {
			isa = XCBuildConfiguration;
			buildSettings = {
				BUNDLE_LOADER = "$(TEST_HOST)";
				CODE_SIGN_STYLE = Automatic;
				CURRENT_PROJECT_VERSION = 1;
				GENERATE_INFOPLIST_FILE = YES;
				IPHONEOS_DEPLOYMENT_TARGET = 18.1;
				MARKETING_VERSION = 1.0;
				PRODUCT_BUNDLE_IDENTIFIER = "Simple-test.VT2NH-Capstone-ProjectTests";
				PRODUCT_NAME = "$(TARGET_NAME)";
				SWIFT_EMIT_LOC_STRINGS = NO;
				SWIFT_VERSION = 5.0;
				TARGETED_DEVICE_FAMILY = "1,2";
				TEST_HOST = "$(BUILT_PRODUCTS_DIR)/VT2NH Capstone Project.app/$(BUNDLE_EXECUTABLE_FOLDER_PATH)/VT2NH Capstone Project";
			};
			name = Release;
		};
		557D60962CE2AEB100B35EBB /* Debug */ = {
			isa = XCBuildConfiguration;
			buildSettings = {
				CODE_SIGN_STYLE = Automatic;
				CURRENT_PROJECT_VERSION = 1;
				GENERATE_INFOPLIST_FILE = YES;
				MARKETING_VERSION = 1.0;
				PRODUCT_BUNDLE_IDENTIFIER = "Simple-test.VT2NH-Capstone-ProjectUITests";
				PRODUCT_NAME = "$(TARGET_NAME)";
				SWIFT_EMIT_LOC_STRINGS = NO;
				SWIFT_VERSION = 5.0;
				TARGETED_DEVICE_FAMILY = "1,2";
				TEST_TARGET_NAME = "VT2NH Capstone Project";
			};
			name = Debug;
		};
		557D60972CE2AEB100B35EBB /* Release */ = {
			isa = XCBuildConfiguration;
			buildSettings = {
				CODE_SIGN_STYLE = Automatic;
				CURRENT_PROJECT_VERSION = 1;
				GENERATE_INFOPLIST_FILE = YES;
				MARKETING_VERSION = 1.0;
				PRODUCT_BUNDLE_IDENTIFIER = "Simple-test.VT2NH-Capstone-ProjectUITests";
				PRODUCT_NAME = "$(TARGET_NAME)";
				SWIFT_EMIT_LOC_STRINGS = NO;
				SWIFT_VERSION = 5.0;
				TARGETED_DEVICE_FAMILY = "1,2";
				TEST_TARGET_NAME = "VT2NH Capstone Project";
			};
			name = Release;
		};
/* End XCBuildConfiguration section */

/* Begin XCConfigurationList section */
		557D60642CE2AEB100B35EBB /* Build configuration list for PBXProject "VT2NH Capstone Project" */ = {
			isa = XCConfigurationList;
			buildConfigurations = (
				557D608D2CE2AEB100B35EBB /* Debug */,
				557D608E2CE2AEB100B35EBB /* Release */,
			);
			defaultConfigurationIsVisible = 0;
			defaultConfigurationName = Release;
		};
		557D608F2CE2AEB100B35EBB /* Build configuration list for PBXNativeTarget "VT2NH Capstone Project" */ = {
			isa = XCConfigurationList;
			buildConfigurations = (
				557D60902CE2AEB100B35EBB /* Debug */,
				557D60912CE2AEB100B35EBB /* Release */,
			);
			defaultConfigurationIsVisible = 0;
			defaultConfigurationName = Release;
		};
		557D60922CE2AEB100B35EBB /* Build configuration list for PBXNativeTarget "VT2NH Capstone ProjectTests" */ = {
			isa = XCConfigurationList;
			buildConfigurations = (
				557D60932CE2AEB100B35EBB /* Debug */,
				557D60942CE2AEB100B35EBB /* Release */,
			);
			defaultConfigurationIsVisible = 0;
			defaultConfigurationName = Release;
		};
		557D60952CE2AEB100B35EBB /* Build configuration list for PBXNativeTarget "VT2NH Capstone ProjectUITests" */ = {
			isa = XCConfigurationList;
			buildConfigurations = (
				557D60962CE2AEB100B35EBB /* Debug */,
				557D60972CE2AEB100B35EBB /* Release */,
			);
			defaultConfigurationIsVisible = 0;
			defaultConfigurationName = Release;
		};
/* End XCConfigurationList section */
	};
	rootObject = 557D60612CE2AEB100B35EBB /* Project object */;
}
